
Microsoft Visual Studio Solution File, Format Version 12.00
# Visual Studio Version 17
VisualStudioVersion = 17.1.32421.90
MinimumVisualStudioVersion = 10.0.40219.1
Project("{FAE04EC0-301F-11D3-BF4B-00C04F79EFBC}") = "LicensingProject", "LicensingProject\LicensingProject.csproj", "{E7F63BB9-09E2-4EA2-B897-745C42A16BEC}"
EndProject
Project("{2150E333-8FDC-42A3-9474-1A3956D46DE8}") = "ApplicationLogic", "ApplicationLogic", "{83FA2C20-DAA8-4ED0-A39F-616B24B491D1}"
EndProject
Project("{2150E333-8FDC-42A3-9474-1A3956D46DE8}") = "DataAccess", "DataAccess", "{FA0B19BE-3A32-41ED-BE7D-3DA8FD3F7097}"
EndProject
Project("{FAE04EC0-301F-11D3-BF4B-00C04F79EFBC}") = "LicensingProject.ApplicationLogic", "LicensingProject.ApplicationLogic\LicensingProject.ApplicationLogic.csproj", "{F5E993FF-5999-4D43-9C85-844674B37A07}"
EndProject
Project("{FAE04EC0-301F-11D3-BF4B-00C04F79EFBC}") = "LicensingProject.DataAccess.Abstractions", "LicensingProject.DataAccess.Abstractions\LicensingProject.DataAccess.Abstractions.csproj", "{F7400FFE-2CAB-414F-A0C6-A552ADFD14AB}"
EndProject
Project("{FAE04EC0-301F-11D3-BF4B-00C04F79EFBC}") = "LicensingProject.DataAccess.Models", "LicensingProject.DataAccess.Models\LicensingProject.DataAccess.Models.csproj", "{7E75B1A5-CEDA-4A39-9E75-C638BE3B89EE}"
EndProject
Project("{FAE04EC0-301F-11D3-BF4B-00C04F79EFBC}") = "LicensingProject.DataAccess.EntityFramework", "LicensingProject.DataAccess.EntityFramework\LicensingProject.DataAccess.EntityFramework.csproj", "{9D097C63-25B0-4B92-9975-F9C6F147D08F}"
EndProject
Global
	GlobalSection(SolutionConfigurationPlatforms) = preSolution
		Debug|Any CPU = Debug|Any CPU
		Release|Any CPU = Release|Any CPU
	EndGlobalSection
	GlobalSection(ProjectConfigurationPlatforms) = postSolution
		{E7F63BB9-09E2-4EA2-B897-745C42A16BEC}.Debug|Any CPU.ActiveCfg = Debug|Any CPU
		{E7F63BB9-09E2-4EA2-B897-745C42A16BEC}.Debug|Any CPU.Build.0 = Debug|Any CPU
		{E7F63BB9-09E2-4EA2-B897-745C42A16BEC}.Release|Any CPU.ActiveCfg = Release|Any CPU
		{E7F63BB9-09E2-4EA2-B897-745C42A16BEC}.Release|Any CPU.Build.0 = Release|Any CPU
		{F5E993FF-5999-4D43-9C85-844674B37A07}.Debug|Any CPU.ActiveCfg = Debug|Any CPU
		{F5E993FF-5999-4D43-9C85-844674B37A07}.Debug|Any CPU.Build.0 = Debug|Any CPU
		{F5E993FF-5999-4D43-9C85-844674B37A07}.Release|Any CPU.ActiveCfg = Release|Any CPU
		{F5E993FF-5999-4D43-9C85-844674B37A07}.Release|Any CPU.Build.0 = Release|Any CPU
		{F7400FFE-2CAB-414F-A0C6-A552ADFD14AB}.Debug|Any CPU.ActiveCfg = Debug|Any CPU
		{F7400FFE-2CAB-414F-A0C6-A552ADFD14AB}.Debug|Any CPU.Build.0 = Debug|Any CPU
		{F7400FFE-2CAB-414F-A0C6-A552ADFD14AB}.Release|Any CPU.ActiveCfg = Release|Any CPU
		{F7400FFE-2CAB-414F-A0C6-A552ADFD14AB}.Release|Any CPU.Build.0 = Release|Any CPU
		{7E75B1A5-CEDA-4A39-9E75-C638BE3B89EE}.Debug|Any CPU.ActiveCfg = Debug|Any CPU
		{7E75B1A5-CEDA-4A39-9E75-C638BE3B89EE}.Debug|Any CPU.Build.0 = Debug|Any CPU
		{7E75B1A5-CEDA-4A39-9E75-C638BE3B89EE}.Release|Any CPU.ActiveCfg = Release|Any CPU
		{7E75B1A5-CEDA-4A39-9E75-C638BE3B89EE}.Release|Any CPU.Build.0 = Release|Any CPU
		{9D097C63-25B0-4B92-9975-F9C6F147D08F}.Debug|Any CPU.ActiveCfg = Debug|Any CPU
		{9D097C63-25B0-4B92-9975-F9C6F147D08F}.Debug|Any CPU.Build.0 = Debug|Any CPU
		{9D097C63-25B0-4B92-9975-F9C6F147D08F}.Release|Any CPU.ActiveCfg = Release|Any CPU
		{9D097C63-25B0-4B92-9975-F9C6F147D08F}.Release|Any CPU.Build.0 = Release|Any CPU
	EndGlobalSection
	GlobalSection(SolutionProperties) = preSolution
		HideSolutionNode = FALSE
	EndGlobalSection
	GlobalSection(NestedProjects) = preSolution
		{F5E993FF-5999-4D43-9C85-844674B37A07} = {83FA2C20-DAA8-4ED0-A39F-616B24B491D1}
		{F7400FFE-2CAB-414F-A0C6-A552ADFD14AB} = {FA0B19BE-3A32-41ED-BE7D-3DA8FD3F7097}
		{7E75B1A5-CEDA-4A39-9E75-C638BE3B89EE} = {FA0B19BE-3A32-41ED-BE7D-3DA8FD3F7097}
		{9D097C63-25B0-4B92-9975-F9C6F147D08F} = {FA0B19BE-3A32-41ED-BE7D-3DA8FD3F7097}
	EndGlobalSection
	GlobalSection(ExtensibilityGlobals) = postSolution
		SolutionGuid = {9111C3D4-E391-4E12-9157-4DCCA12E73BE}
	EndGlobalSection
EndGlobal
